
Microsoft Visual Studio Solution File, Format Version 12.00
# Visual Studio Version 16
VisualStudioVersion = 16.0.31112.23
MinimumVisualStudioVersion = 10.0.40219.1
Project("{FAE04EC0-301F-11D3-BF4B-00C04F79EFBC}") = "SafeAndSound", "SafeAndSound.csproj", "{3540836A-C395-448D-8AEB-E246356BE7C5}"
EndProject
Global
	GlobalSection(SolutionConfigurationPlatforms) = preSolution
		Debug|Any CPU = Debug|Any CPU
		Release|Any CPU = Release|Any CPU
	EndGlobalSection
	GlobalSection(ProjectConfigurationPlatforms) = postSolution
		{3540836A-C395-448D-8AEB-E246356BE7C5}.Debug|Any CPU.ActiveCfg = Debug|Any CPU
		{3540836A-C395-448D-8AEB-E246356BE7C5}.Debug|Any CPU.Build.0 = Debug|Any CPU
		{3540836A-C395-448D-8AEB-E246356BE7C5}.Release|Any CPU.ActiveCfg = Release|Any CPU
		{3540836A-C395-448D-8AEB-E246356BE7C5}.Release|Any CPU.Build.0 = Release|Any CPU
	EndGlobalSection
	GlobalSection(SolutionProperties) = preSolution
		HideSolutionNode = FALSE
	EndGlobalSection
	GlobalSection(ExtensibilityGlobals) = postSolution
		SolutionGuid = {7FA83759-ECB9-40D8-96EF-15E0E09AA569}
	EndGlobalSection
EndGlobal
